
Microsoft Visual Studio Solution File, Format Version 12.00
# Visual Studio Version 16
VisualStudioVersion = 25.0.1704.4
MinimumVisualStudioVersion = 10.0.40219.1
Project("{FAE04EC0-301F-11D3-BF4B-00C04F79EFBC}") = "MLConsoleApp", "MLConsoleApp\MLConsoleApp.csproj", "{3A95F660-209A-497E-87BB-9E5B935E55D9}"
EndProject
Global
	GlobalSection(SolutionConfigurationPlatforms) = preSolution
		Debug|Any CPU = Debug|Any CPU
		Release|Any CPU = Release|Any CPU
	EndGlobalSection
	GlobalSection(ProjectConfigurationPlatforms) = postSolution
		{3A95F660-209A-497E-87BB-9E5B935E55D9}.Debug|Any CPU.ActiveCfg = Debug|Any CPU
		{3A95F660-209A-497E-87BB-9E5B935E55D9}.Debug|Any CPU.Build.0 = Debug|Any CPU
		{3A95F660-209A-497E-87BB-9E5B935E55D9}.Release|Any CPU.ActiveCfg = Release|Any CPU
		{3A95F660-209A-497E-87BB-9E5B935E55D9}.Release|Any CPU.Build.0 = Release|Any CPU
	EndGlobalSection
	GlobalSection(SolutionProperties) = preSolution
		HideSolutionNode = FALSE
	EndGlobalSection
	GlobalSection(ExtensibilityGlobals) = postSolution
		SolutionGuid = {4007E927-11C0-4D6D-9AC1-5672D44F2FD5}
	EndGlobalSection
EndGlobal
